// !$*UTF8*$!
{
	archiveVersion = 1;
	classes = {
	};
	objectVersion = 56;
	objects = {

/* Begin PBXBuildFile section */
		57CB614C2B0364BF00482DBC /* AppDelegate.swift in Sources */ = {isa = PBXBuildFile; fileRef = 57CB614B2B0364BF00482DBC /* AppDelegate.swift */; };
		57CB614E2B0364C000482DBC /* SceneDelegate.swift in Sources */ = {isa = PBXBuildFile; fileRef = 57CB614D2B0364C000482DBC /* SceneDelegate.swift */; };
		57CB61552B0364C200482DBC /* Assets.xcassets in Resources */ = {isa = PBXBuildFile; fileRef = 57CB61542B0364C200482DBC /* Assets.xcassets */; };
		57CB61582B0364C200482DBC /* LaunchScreen.storyboard in Resources */ = {isa = PBXBuildFile; fileRef = 57CB61562B0364C200482DBC /* LaunchScreen.storyboard */; };
		57CB61652B03651400482DBC /* BorderImageView.swift in Sources */ = {isa = PBXBuildFile; fileRef = 57CB61612B03651300482DBC /* BorderImageView.swift */; };
		57CB61662B03651400482DBC /* SubLabel.swift in Sources */ = {isa = PBXBuildFile; fileRef = 57CB61632B03651300482DBC /* SubLabel.swift */; };
		57CB61672B03651400482DBC /* TitleLabel.swift in Sources */ = {isa = PBXBuildFile; fileRef = 57CB61642B03651300482DBC /* TitleLabel.swift */; };
		57CB616D2B03652000482DBC /* BaseViewController.swift in Sources */ = {isa = PBXBuildFile; fileRef = 57CB61692B03651F00482DBC /* BaseViewController.swift */; };
		57CB616E2B03652000482DBC /* Base.swift in Sources */ = {isa = PBXBuildFile; fileRef = 57CB616A2B03651F00482DBC /* Base.swift */; };
		57CB616F2B03652000482DBC /* Identifiable.swift in Sources */ = {isa = PBXBuildFile; fileRef = 57CB616B2B03651F00482DBC /* Identifiable.swift */; };
		57CB61702B03652000482DBC /* BaseView.swift in Sources */ = {isa = PBXBuildFile; fileRef = 57CB616C2B03651F00482DBC /* BaseView.swift */; };
		57CB61732B03652600482DBC /* APIManager.swift in Sources */ = {isa = PBXBuildFile; fileRef = 57CB61722B03652600482DBC /* APIManager.swift */; };
		57CB617B2B03652D00482DBC /* SearchViewModel.swift in Sources */ = {isa = PBXBuildFile; fileRef = 57CB61772B03652D00482DBC /* SearchViewModel.swift */; };
		57CB617C2B03652D00482DBC /* SearchViewController.swift in Sources */ = {isa = PBXBuildFile; fileRef = 57CB61792B03652D00482DBC /* SearchViewController.swift */; };
		57CB617D2B03652D00482DBC /* SearchResultCell.swift in Sources */ = {isa = PBXBuildFile; fileRef = 57CB617A2B03652D00482DBC /* SearchResultCell.swift */; };
		57CB61802B03657C00482DBC /* Alamofire in Frameworks */ = {isa = PBXBuildFile; productRef = 57CB617F2B03657C00482DBC /* Alamofire */; };
		57CB61842B0365A000482DBC /* SnapKit in Frameworks */ = {isa = PBXBuildFile; productRef = 57CB61832B0365A000482DBC /* SnapKit */; };
		57CB61872B0365B000482DBC /* Kingfisher in Frameworks */ = {isa = PBXBuildFile; productRef = 57CB61862B0365B000482DBC /* Kingfisher */; };
		57CB618A2B03663400482DBC /* RxDataSources in Frameworks */ = {isa = PBXBuildFile; productRef = 57CB61892B03663400482DBC /* RxDataSources */; };
		57CB618D2B03665200482DBC /* RxCocoa in Frameworks */ = {isa = PBXBuildFile; productRef = 57CB618C2B03665200482DBC /* RxCocoa */; };
		57CB618F2B03665200482DBC /* RxRelay in Frameworks */ = {isa = PBXBuildFile; productRef = 57CB618E2B03665200482DBC /* RxRelay */; };
		57CB61912B03665200482DBC /* RxSwift in Frameworks */ = {isa = PBXBuildFile; productRef = 57CB61902B03665200482DBC /* RxSwift */; };
		57CB61932B03671400482DBC /* AppInfo.swift in Sources */ = {isa = PBXBuildFile; fileRef = 57CB61922B03671400482DBC /* AppInfo.swift */; };
		57CB61A22B049F9B00482DBC /* DetailViewController.swift in Sources */ = {isa = PBXBuildFile; fileRef = 57CB61A12B049F9B00482DBC /* DetailViewController.swift */; };
		57D49C1B2B04AB020020526B /* IntroductionCell.swift in Sources */ = {isa = PBXBuildFile; fileRef = 57D49C1A2B04AB020020526B /* IntroductionCell.swift */; };
		57D49C1D2B04AB220020526B /* ScreenshotCell.swift in Sources */ = {isa = PBXBuildFile; fileRef = 57D49C1C2B04AB220020526B /* ScreenshotCell.swift */; };
		57D49C1F2B04AB2D0020526B /* ExplanationCell.swift in Sources */ = {isa = PBXBuildFile; fileRef = 57D49C1E2B04AB2D0020526B /* ExplanationCell.swift */; };
		57D49C222B04BAB60020526B /* Detail.swift in Sources */ = {isa = PBXBuildFile; fileRef = 57D49C212B04BAB60020526B /* Detail.swift */; };
/* End PBXBuildFile section */

/* Begin PBXFileReference section */
		57CB61482B0364BF00482DBC /* iTuens2.app */ = {isa = PBXFileReference; explicitFileType = wrapper.application; includeInIndex = 0; path = iTuens2.app; sourceTree = BUILT_PRODUCTS_DIR; };
		57CB614B2B0364BF00482DBC /* AppDelegate.swift */ = {isa = PBXFileReference; lastKnownFileType = sourcecode.swift; path = AppDelegate.swift; sourceTree = "<group>"; };
		57CB614D2B0364C000482DBC /* SceneDelegate.swift */ = {isa = PBXFileReference; lastKnownFileType = sourcecode.swift; path = SceneDelegate.swift; sourceTree = "<group>"; };
		57CB61542B0364C200482DBC /* Assets.xcassets */ = {isa = PBXFileReference; lastKnownFileType = folder.assetcatalog; path = Assets.xcassets; sourceTree = "<group>"; };
		57CB61572B0364C200482DBC /* Base */ = {isa = PBXFileReference; lastKnownFileType = file.storyboard; name = Base; path = Base.lproj/LaunchScreen.storyboard; sourceTree = "<group>"; };
		57CB61592B0364C200482DBC /* Info.plist */ = {isa = PBXFileReference; lastKnownFileType = text.plist.xml; path = Info.plist; sourceTree = "<group>"; };
		57CB61612B03651300482DBC /* BorderImageView.swift */ = {isa = PBXFileReference; fileEncoding = 4; lastKnownFileType = sourcecode.swift; path = BorderImageView.swift; sourceTree = "<group>"; };
		57CB61632B03651300482DBC /* SubLabel.swift */ = {isa = PBXFileReference; fileEncoding = 4; lastKnownFileType = sourcecode.swift; path = SubLabel.swift; sourceTree = "<group>"; };
		57CB61642B03651300482DBC /* TitleLabel.swift */ = {isa = PBXFileReference; fileEncoding = 4; lastKnownFileType = sourcecode.swift; path = TitleLabel.swift; sourceTree = "<group>"; };
		57CB61692B03651F00482DBC /* BaseViewController.swift */ = {isa = PBXFileReference; fileEncoding = 4; lastKnownFileType = sourcecode.swift; path = BaseViewController.swift; sourceTree = "<group>"; };
		57CB616A2B03651F00482DBC /* Base.swift */ = {isa = PBXFileReference; fileEncoding = 4; lastKnownFileType = sourcecode.swift; path = Base.swift; sourceTree = "<group>"; };
		57CB616B2B03651F00482DBC /* Identifiable.swift */ = {isa = PBXFileReference; fileEncoding = 4; lastKnownFileType = sourcecode.swift; path = Identifiable.swift; sourceTree = "<group>"; };
		57CB616C2B03651F00482DBC /* BaseView.swift */ = {isa = PBXFileReference; fileEncoding = 4; lastKnownFileType = sourcecode.swift; path = BaseView.swift; sourceTree = "<group>"; };
		57CB61722B03652600482DBC /* APIManager.swift */ = {isa = PBXFileReference; fileEncoding = 4; lastKnownFileType = sourcecode.swift; path = APIManager.swift; sourceTree = "<group>"; };
		57CB61772B03652D00482DBC /* SearchViewModel.swift */ = {isa = PBXFileReference; fileEncoding = 4; lastKnownFileType = sourcecode.swift; path = SearchViewModel.swift; sourceTree = "<group>"; };
		57CB61792B03652D00482DBC /* SearchViewController.swift */ = {isa = PBXFileReference; fileEncoding = 4; lastKnownFileType = sourcecode.swift; path = SearchViewController.swift; sourceTree = "<group>"; };
		57CB617A2B03652D00482DBC /* SearchResultCell.swift */ = {isa = PBXFileReference; fileEncoding = 4; lastKnownFileType = sourcecode.swift; path = SearchResultCell.swift; sourceTree = "<group>"; };
		57CB61922B03671400482DBC /* AppInfo.swift */ = {isa = PBXFileReference; lastKnownFileType = sourcecode.swift; path = AppInfo.swift; sourceTree = "<group>"; };
		57CB61A12B049F9B00482DBC /* DetailViewController.swift */ = {isa = PBXFileReference; lastKnownFileType = sourcecode.swift; path = DetailViewController.swift; sourceTree = "<group>"; };
		57D49C1A2B04AB020020526B /* IntroductionCell.swift */ = {isa = PBXFileReference; lastKnownFileType = sourcecode.swift; path = IntroductionCell.swift; sourceTree = "<group>"; };
		57D49C1C2B04AB220020526B /* ScreenshotCell.swift */ = {isa = PBXFileReference; lastKnownFileType = sourcecode.swift; path = ScreenshotCell.swift; sourceTree = "<group>"; };
		57D49C1E2B04AB2D0020526B /* ExplanationCell.swift */ = {isa = PBXFileReference; lastKnownFileType = sourcecode.swift; path = ExplanationCell.swift; sourceTree = "<group>"; };
		57D49C212B04BAB60020526B /* Detail.swift */ = {isa = PBXFileReference; lastKnownFileType = sourcecode.swift; path = Detail.swift; sourceTree = "<group>"; };
/* End PBXFileReference section */

/* Begin PBXFrameworksBuildPhase section */
		57CB61452B0364BF00482DBC /* Frameworks */ = {
			isa = PBXFrameworksBuildPhase;
			buildActionMask = 2147483647;
			files = (
				57CB618F2B03665200482DBC /* RxRelay in Frameworks */,
				57CB61872B0365B000482DBC /* Kingfisher in Frameworks */,
				57CB618A2B03663400482DBC /* RxDataSources in Frameworks */,
				57CB618D2B03665200482DBC /* RxCocoa in Frameworks */,
				57CB61802B03657C00482DBC /* Alamofire in Frameworks */,
				57CB61842B0365A000482DBC /* SnapKit in Frameworks */,
				57CB61912B03665200482DBC /* RxSwift in Frameworks */,
			);
			runOnlyForDeploymentPostprocessing = 0;
		};
/* End PBXFrameworksBuildPhase section */

/* Begin PBXGroup section */
		57CB613F2B0364BF00482DBC = {
			isa = PBXGroup;
			children = (
				57CB614A2B0364BF00482DBC /* iTuens2 */,
				57CB61492B0364BF00482DBC /* Products */,
			);
			sourceTree = "<group>";
		};
		57CB61492B0364BF00482DBC /* Products */ = {
			isa = PBXGroup;
			children = (
				57CB61482B0364BF00482DBC /* iTuens2.app */,
			);
			name = Products;
			sourceTree = "<group>";
		};
		57CB614A2B0364BF00482DBC /* iTuens2 */ = {
			isa = PBXGroup;
			children = (
				57CB615F2B03651300482DBC /* Components */,
				57CB61682B03651F00482DBC /* Base */,
				57CB61712B03652600482DBC /* Network */,
				57CB61742B03652D00482DBC /* Scene */,
				57CB614B2B0364BF00482DBC /* AppDelegate.swift */,
				57CB614D2B0364C000482DBC /* SceneDelegate.swift */,
				57CB61542B0364C200482DBC /* Assets.xcassets */,
				57CB61562B0364C200482DBC /* LaunchScreen.storyboard */,
				57CB61592B0364C200482DBC /* Info.plist */,
			);
			path = iTuens2;
			sourceTree = "<group>";
		};
		57CB615F2B03651300482DBC /* Components */ = {
			isa = PBXGroup;
			children = (
				57CB61602B03651300482DBC /* ImageView */,
				57CB61622B03651300482DBC /* Label */,
			);
			path = Components;
			sourceTree = "<group>";
		};
		57CB61602B03651300482DBC /* ImageView */ = {
			isa = PBXGroup;
			children = (
				57CB61612B03651300482DBC /* BorderImageView.swift */,
			);
			path = ImageView;
			sourceTree = "<group>";
		};
		57CB61622B03651300482DBC /* Label */ = {
			isa = PBXGroup;
			children = (
				57CB61632B03651300482DBC /* SubLabel.swift */,
				57CB61642B03651300482DBC /* TitleLabel.swift */,
			);
			path = Label;
			sourceTree = "<group>";
		};
		57CB61682B03651F00482DBC /* Base */ = {
			isa = PBXGroup;
			children = (
				57CB61692B03651F00482DBC /* BaseViewController.swift */,
				57CB616A2B03651F00482DBC /* Base.swift */,
				57CB616B2B03651F00482DBC /* Identifiable.swift */,
				57CB616C2B03651F00482DBC /* BaseView.swift */,
			);
			path = Base;
			sourceTree = "<group>";
		};
		57CB61712B03652600482DBC /* Network */ = {
			isa = PBXGroup;
			children = (
				57CB61922B03671400482DBC /* AppInfo.swift */,
				57CB61722B03652600482DBC /* APIManager.swift */,
			);
			path = Network;
			sourceTree = "<group>";
		};
		57CB61742B03652D00482DBC /* Scene */ = {
			isa = PBXGroup;
			children = (
				57CB61752B03652D00482DBC /* Search */,
				57CB61A02B049F8A00482DBC /* Detail */,
			);
			path = Scene;
			sourceTree = "<group>";
		};
		57CB61752B03652D00482DBC /* Search */ = {
			isa = PBXGroup;
			children = (
				57CB61762B03652D00482DBC /* ViewModel */,
				57CB61782B03652D00482DBC /* View */,
			);
			path = Search;
			sourceTree = "<group>";
		};
		57CB61762B03652D00482DBC /* ViewModel */ = {
			isa = PBXGroup;
			children = (
				57CB61772B03652D00482DBC /* SearchViewModel.swift */,
			);
			path = ViewModel;
			sourceTree = "<group>";
		};
		57CB61782B03652D00482DBC /* View */ = {
			isa = PBXGroup;
			children = (
				57CB61792B03652D00482DBC /* SearchViewController.swift */,
				57CB617A2B03652D00482DBC /* SearchResultCell.swift */,
			);
			path = View;
			sourceTree = "<group>";
		};
		57CB61A02B049F8A00482DBC /* Detail */ = {
			isa = PBXGroup;
			children = (
				57D49C202B04BAA20020526B /* Model */,
				57D49C192B04A68C0020526B /* View */,
			);
			path = Detail;
			sourceTree = "<group>";
		};
		57D49C192B04A68C0020526B /* View */ = {
			isa = PBXGroup;
			children = (
				57CB61A12B049F9B00482DBC /* DetailViewController.swift */,
				57D49C1A2B04AB020020526B /* IntroductionCell.swift */,
				57D49C1C2B04AB220020526B /* ScreenshotCell.swift */,
				57D49C1E2B04AB2D0020526B /* ExplanationCell.swift */,
			);
			path = View;
			sourceTree = "<group>";
		};
		57D49C202B04BAA20020526B /* Model */ = {
			isa = PBXGroup;
			children = (
				57D49C212B04BAB60020526B /* Detail.swift */,
			);
			path = Model;
			sourceTree = "<group>";
		};
/* End PBXGroup section */

/* Begin PBXNativeTarget section */
		57CB61472B0364BF00482DBC /* iTuens2 */ = {
			isa = PBXNativeTarget;
			buildConfigurationList = 57CB615C2B0364C200482DBC /* Build configuration list for PBXNativeTarget "iTuens2" */;
			buildPhases = (
				57CB61442B0364BF00482DBC /* Sources */,
				57CB61452B0364BF00482DBC /* Frameworks */,
				57CB61462B0364BF00482DBC /* Resources */,
			);
			buildRules = (
			);
			dependencies = (
			);
			name = iTuens2;
			packageProductDependencies = (
				57CB617F2B03657C00482DBC /* Alamofire */,
				57CB61832B0365A000482DBC /* SnapKit */,
				57CB61862B0365B000482DBC /* Kingfisher */,
				57CB61892B03663400482DBC /* RxDataSources */,
				57CB618C2B03665200482DBC /* RxCocoa */,
				57CB618E2B03665200482DBC /* RxRelay */,
				57CB61902B03665200482DBC /* RxSwift */,
			);
			productName = iTuens2;
			productReference = 57CB61482B0364BF00482DBC /* iTuens2.app */;
			productType = "com.apple.product-type.application";
		};
/* End PBXNativeTarget section */

/* Begin PBXProject section */
		57CB61402B0364BF00482DBC /* Project object */ = {
			isa = PBXProject;
			attributes = {
				BuildIndependentTargetsInParallel = 1;
				LastSwiftUpdateCheck = 1420;
				LastUpgradeCheck = 1420;
				TargetAttributes = {
					57CB61472B0364BF00482DBC = {
						CreatedOnToolsVersion = 14.2;
					};
				};
			};
			buildConfigurationList = 57CB61432B0364BF00482DBC /* Build configuration list for PBXProject "iTuens2" */;
			compatibilityVersion = "Xcode 14.0";
			developmentRegion = en;
			hasScannedForEncodings = 0;
			knownRegions = (
				en,
				Base,
			);
			mainGroup = 57CB613F2B0364BF00482DBC;
			packageReferences = (
				57CB617E2B03657C00482DBC /* XCRemoteSwiftPackageReference "Alamofire" */,
				57CB61822B0365A000482DBC /* XCRemoteSwiftPackageReference "SnapKit" */,
				57CB61852B0365B000482DBC /* XCRemoteSwiftPackageReference "Kingfisher" */,
				57CB61882B03663400482DBC /* XCRemoteSwiftPackageReference "RxDataSources" */,
				57CB618B2B03665200482DBC /* XCRemoteSwiftPackageReference "RxSwift" */,
			);
			productRefGroup = 57CB61492B0364BF00482DBC /* Products */;
			projectDirPath = "";
			projectRoot = "";
			targets = (
				57CB61472B0364BF00482DBC /* iTuens2 */,
			);
		};
/* End PBXProject section */

/* Begin PBXResourcesBuildPhase section */
		57CB61462B0364BF00482DBC /* Resources */ = {
			isa = PBXResourcesBuildPhase;
			buildActionMask = 2147483647;
			files = (
				57CB61582B0364C200482DBC /* LaunchScreen.storyboard in Resources */,
				57CB61552B0364C200482DBC /* Assets.xcassets in Resources */,
			);
			runOnlyForDeploymentPostprocessing = 0;
		};
/* End PBXResourcesBuildPhase section */

/* Begin PBXSourcesBuildPhase section */
		57CB61442B0364BF00482DBC /* Sources */ = {
			isa = PBXSourcesBuildPhase;
			buildActionMask = 2147483647;
			files = (
				57CB617B2B03652D00482DBC /* SearchViewModel.swift in Sources */,
				57CB614C2B0364BF00482DBC /* AppDelegate.swift in Sources */,
				57CB61652B03651400482DBC /* BorderImageView.swift in Sources */,
				57D49C1B2B04AB020020526B /* IntroductionCell.swift in Sources */,
				57CB61732B03652600482DBC /* APIManager.swift in Sources */,
				57D49C1F2B04AB2D0020526B /* ExplanationCell.swift in Sources */,
				57D49C222B04BAB60020526B /* Detail.swift in Sources */,
				57CB617D2B03652D00482DBC /* SearchResultCell.swift in Sources */,
				57CB614E2B0364C000482DBC /* SceneDelegate.swift in Sources */,
				57CB61672B03651400482DBC /* TitleLabel.swift in Sources */,
				57CB617C2B03652D00482DBC /* SearchViewController.swift in Sources */,
				57CB61662B03651400482DBC /* SubLabel.swift in Sources */,
				57CB616F2B03652000482DBC /* Identifiable.swift in Sources */,
				57CB61702B03652000482DBC /* BaseView.swift in Sources */,
				57CB616E2B03652000482DBC /* Base.swift in Sources */,
				57CB61A22B049F9B00482DBC /* DetailViewController.swift in Sources */,
				57D49C1D2B04AB220020526B /* ScreenshotCell.swift in Sources */,
				57CB616D2B03652000482DBC /* BaseViewController.swift in Sources */,
				57CB61932B03671400482DBC /* AppInfo.swift in Sources */,
			);
			runOnlyForDeploymentPostprocessing = 0;
		};
/* End PBXSourcesBuildPhase section */

/* Begin PBXVariantGroup section */
		57CB61562B0364C200482DBC /* LaunchScreen.storyboard */ = {
			isa = PBXVariantGroup;
			children = (
				57CB61572B0364C200482DBC /* Base */,
			);
			name = LaunchScreen.storyboard;
			sourceTree = "<group>";
		};
/* End PBXVariantGroup section */

/* Begin XCBuildConfiguration section */
		57CB615A2B0364C200482DBC /* Debug */ = {
			isa = XCBuildConfiguration;
			buildSettings = {
				ALWAYS_SEARCH_USER_PATHS = NO;
				CLANG_ANALYZER_NONNULL = YES;
				CLANG_ANALYZER_NUMBER_OBJECT_CONVERSION = YES_AGGRESSIVE;
				CLANG_CXX_LANGUAGE_STANDARD = "gnu++20";
				CLANG_ENABLE_MODULES = YES;
				CLANG_ENABLE_OBJC_ARC = YES;
				CLANG_ENABLE_OBJC_WEAK = YES;
				CLANG_WARN_BLOCK_CAPTURE_AUTORELEASING = YES;
				CLANG_WARN_BOOL_CONVERSION = YES;
				CLANG_WARN_COMMA = YES;
				CLANG_WARN_CONSTANT_CONVERSION = YES;
				CLANG_WARN_DEPRECATED_OBJC_IMPLEMENTATIONS = YES;
				CLANG_WARN_DIRECT_OBJC_ISA_USAGE = YES_ERROR;
				CLANG_WARN_DOCUMENTATION_COMMENTS = YES;
				CLANG_WARN_EMPTY_BODY = YES;
				CLANG_WARN_ENUM_CONVERSION = YES;
				CLANG_WARN_INFINITE_RECURSION = YES;
				CLANG_WARN_INT_CONVERSION = YES;
				CLANG_WARN_NON_LITERAL_NULL_CONVERSION = YES;
				CLANG_WARN_OBJC_IMPLICIT_RETAIN_SELF = YES;
				CLANG_WARN_OBJC_LITERAL_CONVERSION = YES;
				CLANG_WARN_OBJC_ROOT_CLASS = YES_ERROR;
				CLANG_WARN_QUOTED_INCLUDE_IN_FRAMEWORK_HEADER = YES;
				CLANG_WARN_RANGE_LOOP_ANALYSIS = YES;
				CLANG_WARN_STRICT_PROTOTYPES = YES;
				CLANG_WARN_SUSPICIOUS_MOVE = YES;
				CLANG_WARN_UNGUARDED_AVAILABILITY = YES_AGGRESSIVE;
				CLANG_WARN_UNREACHABLE_CODE = YES;
				CLANG_WARN__DUPLICATE_METHOD_MATCH = YES;
				COPY_PHASE_STRIP = NO;
				DEBUG_INFORMATION_FORMAT = dwarf;
				ENABLE_STRICT_OBJC_MSGSEND = YES;
				ENABLE_TESTABILITY = YES;
				GCC_C_LANGUAGE_STANDARD = gnu11;
				GCC_DYNAMIC_NO_PIC = NO;
				GCC_NO_COMMON_BLOCKS = YES;
				GCC_OPTIMIZATION_LEVEL = 0;
				GCC_PREPROCESSOR_DEFINITIONS = (
					"DEBUG=1",
					"$(inherited)",
				);
				GCC_WARN_64_TO_32_BIT_CONVERSION = YES;
				GCC_WARN_ABOUT_RETURN_TYPE = YES_ERROR;
				GCC_WARN_UNDECLARED_SELECTOR = YES;
				GCC_WARN_UNINITIALIZED_AUTOS = YES_AGGRESSIVE;
				GCC_WARN_UNUSED_FUNCTION = YES;
				GCC_WARN_UNUSED_VARIABLE = YES;
				IPHONEOS_DEPLOYMENT_TARGET = 16.2;
				MTL_ENABLE_DEBUG_INFO = INCLUDE_SOURCE;
				MTL_FAST_MATH = YES;
				ONLY_ACTIVE_ARCH = YES;
				SDKROOT = iphoneos;
				SWIFT_ACTIVE_COMPILATION_CONDITIONS = DEBUG;
				SWIFT_OPTIMIZATION_LEVEL = "-Onone";
			};
			name = Debug;
		};
		57CB615B2B0364C200482DBC /* Release */ = {
			isa = XCBuildConfiguration;
			buildSettings = {
				ALWAYS_SEARCH_USER_PATHS = NO;
				CLANG_ANALYZER_NONNULL = YES;
				CLANG_ANALYZER_NUMBER_OBJECT_CONVERSION = YES_AGGRESSIVE;
				CLANG_CXX_LANGUAGE_STANDARD = "gnu++20";
				CLANG_ENABLE_MODULES = YES;
				CLANG_ENABLE_OBJC_ARC = YES;
				CLANG_ENABLE_OBJC_WEAK = YES;
				CLANG_WARN_BLOCK_CAPTURE_AUTORELEASING = YES;
				CLANG_WARN_BOOL_CONVERSION = YES;
				CLANG_WARN_COMMA = YES;
				CLANG_WARN_CONSTANT_CONVERSION = YES;
				CLANG_WARN_DEPRECATED_OBJC_IMPLEMENTATIONS = YES;
				CLANG_WARN_DIRECT_OBJC_ISA_USAGE = YES_ERROR;
				CLANG_WARN_DOCUMENTATION_COMMENTS = YES;
				CLANG_WARN_EMPTY_BODY = YES;
				CLANG_WARN_ENUM_CONVERSION = YES;
				CLANG_WARN_INFINITE_RECURSION = YES;
				CLANG_WARN_INT_CONVERSION = YES;
				CLANG_WARN_NON_LITERAL_NULL_CONVERSION = YES;
				CLANG_WARN_OBJC_IMPLICIT_RETAIN_SELF = YES;
				CLANG_WARN_OBJC_LITERAL_CONVERSION = YES;
				CLANG_WARN_OBJC_ROOT_CLASS = YES_ERROR;
				CLANG_WARN_QUOTED_INCLUDE_IN_FRAMEWORK_HEADER = YES;
				CLANG_WARN_RANGE_LOOP_ANALYSIS = YES;
				CLANG_WARN_STRICT_PROTOTYPES = YES;
				CLANG_WARN_SUSPICIOUS_MOVE = YES;
				CLANG_WARN_UNGUARDED_AVAILABILITY = YES_AGGRESSIVE;
				CLANG_WARN_UNREACHABLE_CODE = YES;
				CLANG_WARN__DUPLICATE_METHOD_MATCH = YES;
				COPY_PHASE_STRIP = NO;
				DEBUG_INFORMATION_FORMAT = "dwarf-with-dsym";
				ENABLE_NS_ASSERTIONS = NO;
				ENABLE_STRICT_OBJC_MSGSEND = YES;
				GCC_C_LANGUAGE_STANDARD = gnu11;
				GCC_NO_COMMON_BLOCKS = YES;
				GCC_WARN_64_TO_32_BIT_CONVERSION = YES;
				GCC_WARN_ABOUT_RETURN_TYPE = YES_ERROR;
				GCC_WARN_UNDECLARED_SELECTOR = YES;
				GCC_WARN_UNINITIALIZED_AUTOS = YES_AGGRESSIVE;
				GCC_WARN_UNUSED_FUNCTION = YES;
				GCC_WARN_UNUSED_VARIABLE = YES;
				IPHONEOS_DEPLOYMENT_TARGET = 16.2;
				MTL_ENABLE_DEBUG_INFO = NO;
				MTL_FAST_MATH = YES;
				SDKROOT = iphoneos;
				SWIFT_COMPILATION_MODE = wholemodule;
				SWIFT_OPTIMIZATION_LEVEL = "-O";
				VALIDATE_PRODUCT = YES;
			};
			name = Release;
		};
		57CB615D2B0364C200482DBC /* Debug */ = {
			isa = XCBuildConfiguration;
			buildSettings = {
				ASSETCATALOG_COMPILER_APPICON_NAME = AppIcon;
				ASSETCATALOG_COMPILER_GLOBAL_ACCENT_COLOR_NAME = AccentColor;
				CODE_SIGN_STYLE = Automatic;
				CURRENT_PROJECT_VERSION = 1;
				DEVELOPMENT_TEAM = 86BUJA8T6M;
				GENERATE_INFOPLIST_FILE = YES;
				INFOPLIST_FILE = iTuens2/Info.plist;
				INFOPLIST_KEY_UIApplicationSupportsIndirectInputEvents = YES;
				INFOPLIST_KEY_UILaunchStoryboardName = LaunchScreen;
				INFOPLIST_KEY_UISupportedInterfaceOrientations_iPad = "UIInterfaceOrientationPortrait UIInterfaceOrientationPortraitUpsideDown UIInterfaceOrientationLandscapeLeft UIInterfaceOrientationLandscapeRight";
				INFOPLIST_KEY_UISupportedInterfaceOrientations_iPhone = "UIInterfaceOrientationPortrait UIInterfaceOrientationLandscapeLeft UIInterfaceOrientationLandscapeRight";
				IPHONEOS_DEPLOYMENT_TARGET = 15.0;
				LD_RUNPATH_SEARCH_PATHS = (
					"$(inherited)",
					"@executable_path/Frameworks",
				);
				MARKETING_VERSION = 1.0;
				PRODUCT_BUNDLE_IDENTIFIER = com.prodvssw.98.iTuens2;
				PRODUCT_NAME = "$(TARGET_NAME)";
				SUPPORTED_PLATFORMS = "iphoneos iphonesimulator";
				SUPPORTS_MACCATALYST = NO;
				SUPPORTS_MAC_DESIGNED_FOR_IPHONE_IPAD = NO;
				SWIFT_EMIT_LOC_STRINGS = YES;
				SWIFT_VERSION = 5.0;
				TARGETED_DEVICE_FAMILY = 1;
			};
			name = Debug;
		};
		57CB615E2B0364C200482DBC /* Release */ = {
			isa = XCBuildConfiguration;
			buildSettings = {
				ASSETCATALOG_COMPILER_APPICON_NAME = AppIcon;
				ASSETCATALOG_COMPILER_GLOBAL_ACCENT_COLOR_NAME = AccentColor;
				CODE_SIGN_STYLE = Automatic;
				CURRENT_PROJECT_VERSION = 1;
				DEVELOPMENT_TEAM = 86BUJA8T6M;
				GENERATE_INFOPLIST_FILE = YES;
				INFOPLIST_FILE = iTuens2/Info.plist;
				INFOPLIST_KEY_UIApplicationSupportsIndirectInputEvents = YES;
				INFOPLIST_KEY_UILaunchStoryboardName = LaunchScreen;
				INFOPLIST_KEY_UISupportedInterfaceOrientations_iPad = "UIInterfaceOrientationPortrait UIInterfaceOrientationPortraitUpsideDown UIInterfaceOrientationLandscapeLeft UIInterfaceOrientationLandscapeRight";
				INFOPLIST_KEY_UISupportedInterfaceOrientations_iPhone = "UIInterfaceOrientationPortrait UIInterfaceOrientationLandscapeLeft UIInterfaceOrientationLandscapeRight";
				IPHONEOS_DEPLOYMENT_TARGET = 15.0;
				LD_RUNPATH_SEARCH_PATHS = (
					"$(inherited)",
					"@executable_path/Frameworks",
				);
				MARKETING_VERSION = 1.0;
				PRODUCT_BUNDLE_IDENTIFIER = com.prodvssw.98.iTuens2;
				PRODUCT_NAME = "$(TARGET_NAME)";
				SUPPORTED_PLATFORMS = "iphoneos iphonesimulator";
				SUPPORTS_MACCATALYST = NO;
				SUPPORTS_MAC_DESIGNED_FOR_IPHONE_IPAD = NO;
				SWIFT_EMIT_LOC_STRINGS = YES;
				SWIFT_VERSION = 5.0;
				TARGETED_DEVICE_FAMILY = 1;
			};
			name = Release;
		};
/* End XCBuildConfiguration section */

/* Begin XCConfigurationList section */
		57CB61432B0364BF00482DBC /* Build configuration list for PBXProject "iTuens2" */ = {
			isa = XCConfigurationList;
			buildConfigurations = (
				57CB615A2B0364C200482DBC /* Debug */,
				57CB615B2B0364C200482DBC /* Release */,
			);
			defaultConfigurationIsVisible = 0;
			defaultConfigurationName = Release;
		};
		57CB615C2B0364C200482DBC /* Build configuration list for PBXNativeTarget "iTuens2" */ = {
			isa = XCConfigurationList;
			buildConfigurations = (
				57CB615D2B0364C200482DBC /* Debug */,
				57CB615E2B0364C200482DBC /* Release */,
			);
			defaultConfigurationIsVisible = 0;
			defaultConfigurationName = Release;
		};
/* End XCConfigurationList section */

/* Begin XCRemoteSwiftPackageReference section */
		57CB617E2B03657C00482DBC /* XCRemoteSwiftPackageReference "Alamofire" */ = {
			isa = XCRemoteSwiftPackageReference;
			repositoryURL = "https://github.com/Alamofire/Alamofire.git";
			requirement = {
				kind = upToNextMajorVersion;
				minimumVersion = 5.0.0;
			};
		};
		57CB61822B0365A000482DBC /* XCRemoteSwiftPackageReference "SnapKit" */ = {
			isa = XCRemoteSwiftPackageReference;
			repositoryURL = "https://github.com/SnapKit/SnapKit.git";
			requirement = {
				kind = upToNextMajorVersion;
				minimumVersion = 5.0.0;
			};
		};
		57CB61852B0365B000482DBC /* XCRemoteSwiftPackageReference "Kingfisher" */ = {
			isa = XCRemoteSwiftPackageReference;
			repositoryURL = "https://github.com/onevcat/Kingfisher.git";
			requirement = {
				kind = upToNextMajorVersion;
				minimumVersion = 7.0.0;
			};
		};
		57CB61882B03663400482DBC /* XCRemoteSwiftPackageReference "RxDataSources" */ = {
			isa = XCRemoteSwiftPackageReference;
			repositoryURL = "https://github.com/RxSwiftCommunity/RxDataSources.git";
			requirement = {
				kind = upToNextMajorVersion;
				minimumVersion = 5.0.0;
			};
		};
		57CB618B2B03665200482DBC /* XCRemoteSwiftPackageReference "RxSwift" */ = {
			isa = XCRemoteSwiftPackageReference;
			repositoryURL = "https://github.com/ReactiveX/RxSwift.git";
			requirement = {
				kind = upToNextMajorVersion;
				minimumVersion = 6.0.0;
			};
		};
/* End XCRemoteSwiftPackageReference section */

/* Begin XCSwiftPackageProductDependency section */
		57CB617F2B03657C00482DBC /* Alamofire */ = {
			isa = XCSwiftPackageProductDependency;
			package = 57CB617E2B03657C00482DBC /* XCRemoteSwiftPackageReference "Alamofire" */;
			productName = Alamofire;
		};
		57CB61832B0365A000482DBC /* SnapKit */ = {
			isa = XCSwiftPackageProductDependency;
			package = 57CB61822B0365A000482DBC /* XCRemoteSwiftPackageReference "SnapKit" */;
			productName = SnapKit;
		};
		57CB61862B0365B000482DBC /* Kingfisher */ = {
			isa = XCSwiftPackageProductDependency;
			package = 57CB61852B0365B000482DBC /* XCRemoteSwiftPackageReference "Kingfisher" */;
			productName = Kingfisher;
		};
		57CB61892B03663400482DBC /* RxDataSources */ = {
			isa = XCSwiftPackageProductDependency;
			package = 57CB61882B03663400482DBC /* XCRemoteSwiftPackageReference "RxDataSources" */;
			productName = RxDataSources;
		};
		57CB618C2B03665200482DBC /* RxCocoa */ = {
			isa = XCSwiftPackageProductDependency;
			package = 57CB618B2B03665200482DBC /* XCRemoteSwiftPackageReference "RxSwift" */;
			productName = RxCocoa;
		};
		57CB618E2B03665200482DBC /* RxRelay */ = {
			isa = XCSwiftPackageProductDependency;
			package = 57CB618B2B03665200482DBC /* XCRemoteSwiftPackageReference "RxSwift" */;
			productName = RxRelay;
		};
		57CB61902B03665200482DBC /* RxSwift */ = {
			isa = XCSwiftPackageProductDependency;
			package = 57CB618B2B03665200482DBC /* XCRemoteSwiftPackageReference "RxSwift" */;
			productName = RxSwift;
		};
/* End XCSwiftPackageProductDependency section */
	};
	rootObject = 57CB61402B0364BF00482DBC /* Project object */;
}
